
Microsoft Visual Studio Solution File, Format Version 12.00
# Visual Studio Version 16
VisualStudioVersion = 16.0.31702.278
MinimumVisualStudioVersion = 10.0.40219.1
Project("{888888A0-9F3D-457C-B088-3A5042F75D52}") = "PythonPlatformer", "PythonPlatformer.pyproj", "{44B46B2A-BDE6-4F63-972E-8BC8D5C9C9AA}"
EndProject
Global
	GlobalSection(SolutionConfigurationPlatforms) = preSolution
		Debug|Any CPU = Debug|Any CPU
		Release|Any CPU = Release|Any CPU
	EndGlobalSection
	GlobalSection(ProjectConfigurationPlatforms) = postSolution
		{44B46B2A-BDE6-4F63-972E-8BC8D5C9C9AA}.Debug|Any CPU.ActiveCfg = Debug|Any CPU
		{44B46B2A-BDE6-4F63-972E-8BC8D5C9C9AA}.Release|Any CPU.ActiveCfg = Release|Any CPU
	EndGlobalSection
	GlobalSection(SolutionProperties) = preSolution
		HideSolutionNode = FALSE
	EndGlobalSection
	GlobalSection(ExtensibilityGlobals) = postSolution
		SolutionGuid = {8C970A3A-CF02-48FD-9697-0EF10E000288}
	EndGlobalSection
EndGlobal
